
Microsoft Visual Studio Solution File, Format Version 12.00
# Visual Studio Version 17
VisualStudioVersion = 17.6.33815.320
MinimumVisualStudioVersion = 10.0.40219.1
Project("{FAE04EC0-301F-11D3-BF4B-00C04F79EFBC}") = "Calculator", "Calculator\Calculator.csproj", "{9ACA5F57-E7B5-42D1-B7C3-88D5D6CCF364}"
EndProject
Global
	GlobalSection(SolutionConfigurationPlatforms) = preSolution
		Debug|Any CPU = Debug|Any CPU
		Release|Any CPU = Release|Any CPU
	EndGlobalSection
	GlobalSection(ProjectConfigurationPlatforms) = postSolution
		{9ACA5F57-E7B5-42D1-B7C3-88D5D6CCF364}.Debug|Any CPU.ActiveCfg = Debug|Any CPU
		{9ACA5F57-E7B5-42D1-B7C3-88D5D6CCF364}.Debug|Any CPU.Build.0 = Debug|Any CPU
		{9ACA5F57-E7B5-42D1-B7C3-88D5D6CCF364}.Release|Any CPU.ActiveCfg = Release|Any CPU
		{9ACA5F57-E7B5-42D1-B7C3-88D5D6CCF364}.Release|Any CPU.Build.0 = Release|Any CPU
	EndGlobalSection
	GlobalSection(SolutionProperties) = preSolution
		HideSolutionNode = FALSE
	EndGlobalSection
	GlobalSection(ExtensibilityGlobals) = postSolution
		SolutionGuid = {1A211B8E-4438-4197-8FDE-D05FB16D44C9}
	EndGlobalSection
EndGlobal
